
Microsoft Visual Studio Solution File, Format Version 12.00
# Visual Studio Version 17
VisualStudioVersion = 17.12.35527.113 d17.12
MinimumVisualStudioVersion = 10.0.40219.1
Project("{FAE04EC0-301F-11D3-BF4B-00C04F79EFBC}") = "ParallelPCTester", "ParallelPCTester\ParallelPCTester.csproj", "{98E656F7-761A-4CC1-8DC9-0C1D9389CF4A}"
EndProject
Global
	GlobalSection(SolutionConfigurationPlatforms) = preSolution
		Debug|Any CPU = Debug|Any CPU
		Release|Any CPU = Release|Any CPU
	EndGlobalSection
	GlobalSection(ProjectConfigurationPlatforms) = postSolution
		{98E656F7-761A-4CC1-8DC9-0C1D9389CF4A}.Debug|Any CPU.ActiveCfg = Debug|Any CPU
		{98E656F7-761A-4CC1-8DC9-0C1D9389CF4A}.Debug|Any CPU.Build.0 = Debug|Any CPU
		{98E656F7-761A-4CC1-8DC9-0C1D9389CF4A}.Release|Any CPU.ActiveCfg = Release|Any CPU
		{98E656F7-761A-4CC1-8DC9-0C1D9389CF4A}.Release|Any CPU.Build.0 = Release|Any CPU
	EndGlobalSection
	GlobalSection(SolutionProperties) = preSolution
		HideSolutionNode = FALSE
	EndGlobalSection
EndGlobal
